
Microsoft Visual Studio Solution File, Format Version 12.00
# Visual Studio Version 17
VisualStudioVersion = 17.4.33103.184
MinimumVisualStudioVersion = 10.0.40219.1
Project("{FAE04EC0-301F-11D3-BF4B-00C04F79EFBC}") = "1.4ex", "1.4ex.csproj", "{39DC4F3E-D8DE-44E5-AC72-1A5DC073DA9E}"
EndProject
Global
	GlobalSection(SolutionConfigurationPlatforms) = preSolution
		Debug|Any CPU = Debug|Any CPU
		Release|Any CPU = Release|Any CPU
	EndGlobalSection
	GlobalSection(ProjectConfigurationPlatforms) = postSolution
		{39DC4F3E-D8DE-44E5-AC72-1A5DC073DA9E}.Debug|Any CPU.ActiveCfg = Debug|Any CPU
		{39DC4F3E-D8DE-44E5-AC72-1A5DC073DA9E}.Debug|Any CPU.Build.0 = Debug|Any CPU
		{39DC4F3E-D8DE-44E5-AC72-1A5DC073DA9E}.Release|Any CPU.ActiveCfg = Release|Any CPU
		{39DC4F3E-D8DE-44E5-AC72-1A5DC073DA9E}.Release|Any CPU.Build.0 = Release|Any CPU
	EndGlobalSection
	GlobalSection(SolutionProperties) = preSolution
		HideSolutionNode = FALSE
	EndGlobalSection
	GlobalSection(ExtensibilityGlobals) = postSolution
		SolutionGuid = {5C605C0C-2F4E-4A4F-99E3-85EE9FCE79D2}
	EndGlobalSection
EndGlobal
