
Microsoft Visual Studio Solution File, Format Version 12.00
# Visual Studio Version 17
VisualStudioVersion = 17.4.33103.184
MinimumVisualStudioVersion = 10.0.40219.1
Project("{FAE04EC0-301F-11D3-BF4B-00C04F79EFBC}") = "4.2ex", "4.2ex.csproj", "{CBDED5B7-68B4-4A7F-A1B6-24C8737D36D1}"
EndProject
Global
	GlobalSection(SolutionConfigurationPlatforms) = preSolution
		Debug|Any CPU = Debug|Any CPU
		Release|Any CPU = Release|Any CPU
	EndGlobalSection
	GlobalSection(ProjectConfigurationPlatforms) = postSolution
		{CBDED5B7-68B4-4A7F-A1B6-24C8737D36D1}.Debug|Any CPU.ActiveCfg = Debug|Any CPU
		{CBDED5B7-68B4-4A7F-A1B6-24C8737D36D1}.Debug|Any CPU.Build.0 = Debug|Any CPU
		{CBDED5B7-68B4-4A7F-A1B6-24C8737D36D1}.Release|Any CPU.ActiveCfg = Release|Any CPU
		{CBDED5B7-68B4-4A7F-A1B6-24C8737D36D1}.Release|Any CPU.Build.0 = Release|Any CPU
	EndGlobalSection
	GlobalSection(SolutionProperties) = preSolution
		HideSolutionNode = FALSE
	EndGlobalSection
	GlobalSection(ExtensibilityGlobals) = postSolution
		SolutionGuid = {A357C065-2629-4F4F-9D4B-471326FA19A5}
	EndGlobalSection
EndGlobal
