
Microsoft Visual Studio Solution File, Format Version 12.00
# Visual Studio Version 17
VisualStudioVersion = 17.4.33103.184
MinimumVisualStudioVersion = 10.0.40219.1
Project("{FAE04EC0-301F-11D3-BF4B-00C04F79EFBC}") = "1ex", "1ex.csproj", "{4DB6235A-0531-4FE9-8711-413D5112675D}"
EndProject
Global
	GlobalSection(SolutionConfigurationPlatforms) = preSolution
		Debug|Any CPU = Debug|Any CPU
		Release|Any CPU = Release|Any CPU
	EndGlobalSection
	GlobalSection(ProjectConfigurationPlatforms) = postSolution
		{4DB6235A-0531-4FE9-8711-413D5112675D}.Debug|Any CPU.ActiveCfg = Debug|Any CPU
		{4DB6235A-0531-4FE9-8711-413D5112675D}.Debug|Any CPU.Build.0 = Debug|Any CPU
		{4DB6235A-0531-4FE9-8711-413D5112675D}.Release|Any CPU.ActiveCfg = Release|Any CPU
		{4DB6235A-0531-4FE9-8711-413D5112675D}.Release|Any CPU.Build.0 = Release|Any CPU
	EndGlobalSection
	GlobalSection(SolutionProperties) = preSolution
		HideSolutionNode = FALSE
	EndGlobalSection
	GlobalSection(ExtensibilityGlobals) = postSolution
		SolutionGuid = {A3E2F511-9C95-478E-B7FC-4B1767AD89F8}
	EndGlobalSection
EndGlobal
